
Microsoft Visual Studio Solution File, Format Version 12.00
# Visual Studio Version 17
VisualStudioVersion = 17.10.34928.147
MinimumVisualStudioVersion = 10.0.40219.1
Project("{FAE04EC0-301F-11D3-BF4B-00C04F79EFBC}") = "Finance.API", "Finance.API\Finance.API.csproj", "{456B75C3-4A52-464C-A142-91908CF206EB}"
EndProject
Global
	GlobalSection(SolutionConfigurationPlatforms) = preSolution
		Debug|Any CPU = Debug|Any CPU
		Release|Any CPU = Release|Any CPU
	EndGlobalSection
	GlobalSection(ProjectConfigurationPlatforms) = postSolution
		{456B75C3-4A52-464C-A142-91908CF206EB}.Debug|Any CPU.ActiveCfg = Debug|Any CPU
		{456B75C3-4A52-464C-A142-91908CF206EB}.Debug|Any CPU.Build.0 = Debug|Any CPU
		{456B75C3-4A52-464C-A142-91908CF206EB}.Release|Any CPU.ActiveCfg = Release|Any CPU
		{456B75C3-4A52-464C-A142-91908CF206EB}.Release|Any CPU.Build.0 = Release|Any CPU
	EndGlobalSection
	GlobalSection(SolutionProperties) = preSolution
		HideSolutionNode = FALSE
	EndGlobalSection
	GlobalSection(ExtensibilityGlobals) = postSolution
		SolutionGuid = {9F1DA521-1D3A-485B-8219-55619F4425C3}
	EndGlobalSection
EndGlobal
